
Microsoft Visual Studio Solution File, Format Version 12.00
# Visual Studio 15
VisualStudioVersion = 15.0.27703.2000
MinimumVisualStudioVersion = 10.0.40219.1
Project("{FAE04EC0-301F-11D3-BF4B-00C04F79EFBC}") = "contactBook.Android", "contactBook\contactBook.Android\contactBook.Android.csproj", "{53E480FC-3A7A-4616-AB2F-C041D235DC8C}"
EndProject
Project("{FAE04EC0-301F-11D3-BF4B-00C04F79EFBC}") = "contactBook.iOS", "contactBook\contactBook.iOS\contactBook.iOS.csproj", "{128ECF28-2B1F-46EA-A6A7-E986964625D9}"
EndProject
Project("{FAE04EC0-301F-11D3-BF4B-00C04F79EFBC}") = "contactBook.UWP", "contactBook\contactBook.UWP\contactBook.UWP.csproj", "{BA52C59F-0C7A-4D13-B15D-26A4C0D2576F}"
EndProject
Project("{FAE04EC0-301F-11D3-BF4B-00C04F79EFBC}") = "contactBook", "contactBook\contactBook\contactBook.csproj", "{D08D195A-F572-4EB9-8E9C-F91825535451}"
EndProject
Global
	GlobalSection(SolutionConfigurationPlatforms) = preSolution
		Ad-Hoc|Any CPU = Ad-Hoc|Any CPU
		Ad-Hoc|ARM = Ad-Hoc|ARM
		Ad-Hoc|iPhone = Ad-Hoc|iPhone
		Ad-Hoc|iPhoneSimulator = Ad-Hoc|iPhoneSimulator
		Ad-Hoc|x64 = Ad-Hoc|x64
		Ad-Hoc|x86 = Ad-Hoc|x86
		AppStore|Any CPU = AppStore|Any CPU
		AppStore|ARM = AppStore|ARM
		AppStore|iPhone = AppStore|iPhone
		AppStore|iPhoneSimulator = AppStore|iPhoneSimulator
		AppStore|x64 = AppStore|x64
		AppStore|x86 = AppStore|x86
		Debug|Any CPU = Debug|Any CPU
		Debug|ARM = Debug|ARM
		Debug|iPhone = Debug|iPhone
		Debug|iPhoneSimulator = Debug|iPhoneSimulator
		Debug|x64 = Debug|x64
		Debug|x86 = Debug|x86
		Release|Any CPU = Release|Any CPU
		Release|ARM = Release|ARM
		Release|iPhone = Release|iPhone
		Release|iPhoneSimulator = Release|iPhoneSimulator
		Release|x64 = Release|x64
		Release|x86 = Release|x86
	EndGlobalSection
	GlobalSection(ProjectConfigurationPlatforms) = postSolution
		{53E480FC-3A7A-4616-AB2F-C041D235DC8C}.Ad-Hoc|Any CPU.ActiveCfg = Release|Any CPU
		{53E480FC-3A7A-4616-AB2F-C041D235DC8C}.Ad-Hoc|Any CPU.Build.0 = Release|Any CPU
		{53E480FC-3A7A-4616-AB2F-C041D235DC8C}.Ad-Hoc|Any CPU.Deploy.0 = Release|Any CPU
		{53E480FC-3A7A-4616-AB2F-C041D235DC8C}.Ad-Hoc|ARM.ActiveCfg = Release|Any CPU
		{53E480FC-3A7A-4616-AB2F-C041D235DC8C}.Ad-Hoc|ARM.Build.0 = Release|Any CPU
		{53E480FC-3A7A-4616-AB2F-C041D235DC8C}.Ad-Hoc|ARM.Deploy.0 = Release|Any CPU
		{53E480FC-3A7A-4616-AB2F-C041D235DC8C}.Ad-Hoc|iPhone.ActiveCfg = Release|Any CPU
		{53E480FC-3A7A-4616-AB2F-C041D235DC8C}.Ad-Hoc|iPhone.Build.0 = Release|Any CPU
		{53E480FC-3A7A-4616-AB2F-C041D235DC8C}.Ad-Hoc|iPhone.Deploy.0 = Release|Any CPU
		{53E480FC-3A7A-4616-AB2F-C041D235DC8C}.Ad-Hoc|iPhoneSimulator.ActiveCfg = Release|Any CPU
		{53E480FC-3A7A-4616-AB2F-C041D235DC8C}.Ad-Hoc|iPhoneSimulator.Build.0 = Release|Any CPU
		{53E480FC-3A7A-4616-AB2F-C041D235DC8C}.Ad-Hoc|iPhoneSimulator.Deploy.0 = Release|Any CPU
		{53E480FC-3A7A-4616-AB2F-C041D235DC8C}.Ad-Hoc|x64.ActiveCfg = Release|Any CPU
		{53E480FC-3A7A-4616-AB2F-C041D235DC8C}.Ad-Hoc|x64.Build.0 = Release|Any CPU
		{53E480FC-3A7A-4616-AB2F-C041D235DC8C}.Ad-Hoc|x64.Deploy.0 = Release|Any CPU
		{53E480FC-3A7A-4616-AB2F-C041D235DC8C}.Ad-Hoc|x86.ActiveCfg = Release|Any CPU
		{53E480FC-3A7A-4616-AB2F-C041D235DC8C}.Ad-Hoc|x86.Build.0 = Release|Any CPU
		{53E480FC-3A7A-4616-AB2F-C041D235DC8C}.Ad-Hoc|x86.Deploy.0 = Release|Any CPU
		{53E480FC-3A7A-4616-AB2F-C041D235DC8C}.AppStore|Any CPU.ActiveCfg = Release|Any CPU
		{53E480FC-3A7A-4616-AB2F-C041D235DC8C}.AppStore|Any CPU.Build.0 = Release|Any CPU
		{53E480FC-3A7A-4616-AB2F-C041D235DC8C}.AppStore|Any CPU.Deploy.0 = Release|Any CPU
		{53E480FC-3A7A-4616-AB2F-C041D235DC8C}.AppStore|ARM.ActiveCfg = Release|Any CPU
		{53E480FC-3A7A-4616-AB2F-C041D235DC8C}.AppStore|ARM.Build.0 = Release|Any CPU
		{53E480FC-3A7A-4616-AB2F-C041D235DC8C}.AppStore|ARM.Deploy.0 = Release|Any CPU
		{53E480FC-3A7A-4616-AB2F-C041D235DC8C}.AppStore|iPhone.ActiveCfg = Release|Any CPU
		{53E480FC-3A7A-4616-AB2F-C041D235DC8C}.AppStore|iPhone.Build.0 = Release|Any CPU
		{53E480FC-3A7A-4616-AB2F-C041D235DC8C}.AppStore|iPhone.Deploy.0 = Release|Any CPU
		{53E480FC-3A7A-4616-AB2F-C041D235DC8C}.AppStore|iPhoneSimulator.ActiveCfg = Release|Any CPU
		{53E480FC-3A7A-4616-AB2F-C041D235DC8C}.AppStore|iPhoneSimulator.Build.0 = Release|Any CPU
		{53E480FC-3A7A-4616-AB2F-C041D235DC8C}.AppStore|iPhoneSimulator.Deploy.0 = Release|Any CPU
		{53E480FC-3A7A-4616-AB2F-C041D235DC8C}.AppStore|x64.ActiveCfg = Release|Any CPU
		{53E480FC-3A7A-4616-AB2F-C041D235DC8C}.AppStore|x64.Build.0 = Release|Any CPU
		{53E480FC-3A7A-4616-AB2F-C041D235DC8C}.AppStore|x64.Deploy.0 = Release|Any CPU
		{53E480FC-3A7A-4616-AB2F-C041D235DC8C}.AppStore|x86.ActiveCfg = Release|Any CPU
		{53E480FC-3A7A-4616-AB2F-C041D235DC8C}.AppStore|x86.Build.0 = Release|Any CPU
		{53E480FC-3A7A-4616-AB2F-C041D235DC8C}.AppStore|x86.Deploy.0 = Release|Any CPU
		{53E480FC-3A7A-4616-AB2F-C041D235DC8C}.Debug|Any CPU.ActiveCfg = Debug|Any CPU
		{53E480FC-3A7A-4616-AB2F-C041D235DC8C}.Debug|Any CPU.Build.0 = Debug|Any CPU
		{53E480FC-3A7A-4616-AB2F-C041D235DC8C}.Debug|Any CPU.Deploy.0 = Debug|Any CPU
		{53E480FC-3A7A-4616-AB2F-C041D235DC8C}.Debug|ARM.ActiveCfg = Debug|Any CPU
		{53E480FC-3A7A-4616-AB2F-C041D235DC8C}.Debug|ARM.Build.0 = Debug|Any CPU
		{53E480FC-3A7A-4616-AB2F-C041D235DC8C}.Debug|ARM.Deploy.0 = Debug|Any CPU
		{53E480FC-3A7A-4616-AB2F-C041D235DC8C}.Debug|iPhone.ActiveCfg = Debug|Any CPU
		{53E480FC-3A7A-4616-AB2F-C041D235DC8C}.Debug|iPhone.Build.0 = Debug|Any CPU
		{53E480FC-3A7A-4616-AB2F-C041D235DC8C}.Debug|iPhone.Deploy.0 = Debug|Any CPU
		{53E480FC-3A7A-4616-AB2F-C041D235DC8C}.Debug|iPhoneSimulator.ActiveCfg = Debug|Any CPU
		{53E480FC-3A7A-4616-AB2F-C041D235DC8C}.Debug|iPhoneSimulator.Build.0 = Debug|Any CPU
		{53E480FC-3A7A-4616-AB2F-C041D235DC8C}.Debug|iPhoneSimulator.Deploy.0 = Debug|Any CPU
		{53E480FC-3A7A-4616-AB2F-C041D235DC8C}.Debug|x64.ActiveCfg = Debug|Any CPU
		{53E480FC-3A7A-4616-AB2F-C041D235DC8C}.Debug|x64.Build.0 = Debug|Any CPU
		{53E480FC-3A7A-4616-AB2F-C041D235DC8C}.Debug|x64.Deploy.0 = Debug|Any CPU
		{53E480FC-3A7A-4616-AB2F-C041D235DC8C}.Debug|x86.ActiveCfg = Debug|Any CPU
		{53E480FC-3A7A-4616-AB2F-C041D235DC8C}.Debug|x86.Build.0 = Debug|Any CPU
		{53E480FC-3A7A-4616-AB2F-C041D235DC8C}.Debug|x86.Deploy.0 = Debug|Any CPU
		{53E480FC-3A7A-4616-AB2F-C041D235DC8C}.Release|Any CPU.ActiveCfg = Release|Any CPU
		{53E480FC-3A7A-4616-AB2F-C041D235DC8C}.Release|Any CPU.Build.0 = Release|Any CPU
		{53E480FC-3A7A-4616-AB2F-C041D235DC8C}.Release|Any CPU.Deploy.0 = Release|Any CPU
		{53E480FC-3A7A-4616-AB2F-C041D235DC8C}.Release|ARM.ActiveCfg = Release|Any CPU
		{53E480FC-3A7A-4616-AB2F-C041D235DC8C}.Release|ARM.Build.0 = Release|Any CPU
		{53E480FC-3A7A-4616-AB2F-C041D235DC8C}.Release|ARM.Deploy.0 = Release|Any CPU
		{53E480FC-3A7A-4616-AB2F-C041D235DC8C}.Release|iPhone.ActiveCfg = Release|Any CPU
		{53E480FC-3A7A-4616-AB2F-C041D235DC8C}.Release|iPhone.Build.0 = Release|Any CPU
		{53E480FC-3A7A-4616-AB2F-C041D235DC8C}.Release|iPhone.Deploy.0 = Release|Any CPU
		{53E480FC-3A7A-4616-AB2F-C041D235DC8C}.Release|iPhoneSimulator.ActiveCfg = Release|Any CPU
		{53E480FC-3A7A-4616-AB2F-C041D235DC8C}.Release|iPhoneSimulator.Build.0 = Release|Any CPU
		{53E480FC-3A7A-4616-AB2F-C041D235DC8C}.Release|iPhoneSimulator.Deploy.0 = Release|Any CPU
		{53E480FC-3A7A-4616-AB2F-C041D235DC8C}.Release|x64.ActiveCfg = Release|Any CPU
		{53E480FC-3A7A-4616-AB2F-C041D235DC8C}.Release|x64.Build.0 = Release|Any CPU
		{53E480FC-3A7A-4616-AB2F-C041D235DC8C}.Release|x64.Deploy.0 = Release|Any CPU
		{53E480FC-3A7A-4616-AB2F-C041D235DC8C}.Release|x86.ActiveCfg = Release|Any CPU
		{53E480FC-3A7A-4616-AB2F-C041D235DC8C}.Release|x86.Build.0 = Release|Any CPU
		{53E480FC-3A7A-4616-AB2F-C041D235DC8C}.Release|x86.Deploy.0 = Release|Any CPU
		{128ECF28-2B1F-46EA-A6A7-E986964625D9}.Ad-Hoc|Any CPU.ActiveCfg = Ad-Hoc|iPhone
		{128ECF28-2B1F-46EA-A6A7-E986964625D9}.Ad-Hoc|Any CPU.Build.0 = Ad-Hoc|iPhone
		{128ECF28-2B1F-46EA-A6A7-E986964625D9}.Ad-Hoc|Any CPU.Deploy.0 = Ad-Hoc|iPhone
		{128ECF28-2B1F-46EA-A6A7-E986964625D9}.Ad-Hoc|ARM.ActiveCfg = Ad-Hoc|iPhone
		{128ECF28-2B1F-46EA-A6A7-E986964625D9}.Ad-Hoc|ARM.Build.0 = Ad-Hoc|iPhone
		{128ECF28-2B1F-46EA-A6A7-E986964625D9}.Ad-Hoc|ARM.Deploy.0 = Ad-Hoc|iPhone
		{128ECF28-2B1F-46EA-A6A7-E986964625D9}.Ad-Hoc|iPhone.ActiveCfg = Ad-Hoc|iPhone
		{128ECF28-2B1F-46EA-A6A7-E986964625D9}.Ad-Hoc|iPhone.Build.0 = Ad-Hoc|iPhone
		{128ECF28-2B1F-46EA-A6A7-E986964625D9}.Ad-Hoc|iPhone.Deploy.0 = Ad-Hoc|iPhone
		{128ECF28-2B1F-46EA-A6A7-E986964625D9}.Ad-Hoc|iPhoneSimulator.ActiveCfg = Ad-Hoc|iPhoneSimulator
		{128ECF28-2B1F-46EA-A6A7-E986964625D9}.Ad-Hoc|iPhoneSimulator.Build.0 = Ad-Hoc|iPhoneSimulator
		{128ECF28-2B1F-46EA-A6A7-E986964625D9}.Ad-Hoc|iPhoneSimulator.Deploy.0 = Ad-Hoc|iPhoneSimulator
		{128ECF28-2B1F-46EA-A6A7-E986964625D9}.Ad-Hoc|x64.ActiveCfg = Ad-Hoc|iPhone
		{128ECF28-2B1F-46EA-A6A7-E986964625D9}.Ad-Hoc|x64.Build.0 = Ad-Hoc|iPhone
		{128ECF28-2B1F-46EA-A6A7-E986964625D9}.Ad-Hoc|x64.Deploy.0 = Ad-Hoc|iPhone
		{128ECF28-2B1F-46EA-A6A7-E986964625D9}.Ad-Hoc|x86.ActiveCfg = Ad-Hoc|iPhone
		{128ECF28-2B1F-46EA-A6A7-E986964625D9}.Ad-Hoc|x86.Build.0 = Ad-Hoc|iPhone
		{128ECF28-2B1F-46EA-A6A7-E986964625D9}.Ad-Hoc|x86.Deploy.0 = Ad-Hoc|iPhone
		{128ECF28-2B1F-46EA-A6A7-E986964625D9}.AppStore|Any CPU.ActiveCfg = AppStore|iPhone
		{128ECF28-2B1F-46EA-A6A7-E986964625D9}.AppStore|Any CPU.Build.0 = AppStore|iPhone
		{128ECF28-2B1F-46EA-A6A7-E986964625D9}.AppStore|Any CPU.Deploy.0 = AppStore|iPhone
		{128ECF28-2B1F-46EA-A6A7-E986964625D9}.AppStore|ARM.ActiveCfg = AppStore|iPhone
		{128ECF28-2B1F-46EA-A6A7-E986964625D9}.AppStore|ARM.Build.0 = AppStore|iPhone
		{128ECF28-2B1F-46EA-A6A7-E986964625D9}.AppStore|ARM.Deploy.0 = AppStore|iPhone
		{128ECF28-2B1F-46EA-A6A7-E986964625D9}.AppStore|iPhone.ActiveCfg = AppStore|iPhone
		{128ECF28-2B1F-46EA-A6A7-E986964625D9}.AppStore|iPhone.Build.0 = AppStore|iPhone
		{128ECF28-2B1F-46EA-A6A7-E986964625D9}.AppStore|iPhone.Deploy.0 = AppStore|iPhone
		{128ECF28-2B1F-46EA-A6A7-E986964625D9}.AppStore|iPhoneSimulator.ActiveCfg = AppStore|iPhoneSimulator
		{128ECF28-2B1F-46EA-A6A7-E986964625D9}.AppStore|iPhoneSimulator.Build.0 = AppStore|iPhoneSimulator
		{128ECF28-2B1F-46EA-A6A7-E986964625D9}.AppStore|iPhoneSimulator.Deploy.0 = AppStore|iPhoneSimulator
		{128ECF28-2B1F-46EA-A6A7-E986964625D9}.AppStore|x64.ActiveCfg = AppStore|iPhone
		{128ECF28-2B1F-46EA-A6A7-E986964625D9}.AppStore|x64.Build.0 = AppStore|iPhone
		{128ECF28-2B1F-46EA-A6A7-E986964625D9}.AppStore|x64.Deploy.0 = AppStore|iPhone
		{128ECF28-2B1F-46EA-A6A7-E986964625D9}.AppStore|x86.ActiveCfg = AppStore|iPhone
		{128ECF28-2B1F-46EA-A6A7-E986964625D9}.AppStore|x86.Build.0 = AppStore|iPhone
		{128ECF28-2B1F-46EA-A6A7-E986964625D9}.AppStore|x86.Deploy.0 = AppStore|iPhone
		{128ECF28-2B1F-46EA-A6A7-E986964625D9}.Debug|Any CPU.ActiveCfg = Debug|iPhoneSimulator
		{128ECF28-2B1F-46EA-A6A7-E986964625D9}.Debug|Any CPU.Build.0 = Debug|iPhoneSimulator
		{128ECF28-2B1F-46EA-A6A7-E986964625D9}.Debug|Any CPU.Deploy.0 = Debug|iPhoneSimulator
		{128ECF28-2B1F-46EA-A6A7-E986964625D9}.Debug|ARM.ActiveCfg = Debug|iPhone
		{128ECF28-2B1F-46EA-A6A7-E986964625D9}.Debug|ARM.Build.0 = Debug|iPhone
		{128ECF28-2B1F-46EA-A6A7-E986964625D9}.Debug|ARM.Deploy.0 = Debug|iPhone
		{128ECF28-2B1F-46EA-A6A7-E986964625D9}.Debug|iPhone.ActiveCfg = Debug|iPhone
		{128ECF28-2B1F-46EA-A6A7-E986964625D9}.Debug|iPhone.Build.0 = Debug|iPhone
		{128ECF28-2B1F-46EA-A6A7-E986964625D9}.Debug|iPhone.Deploy.0 = Debug|iPhone
		{128ECF28-2B1F-46EA-A6A7-E986964625D9}.Debug|iPhoneSimulator.ActiveCfg = Debug|iPhoneSimulator
		{128ECF28-2B1F-46EA-A6A7-E986964625D9}.Debug|iPhoneSimulator.Build.0 = Debug|iPhoneSimulator
		{128ECF28-2B1F-46EA-A6A7-E986964625D9}.Debug|iPhoneSimulator.Deploy.0 = Debug|iPhoneSimulator
		{128ECF28-2B1F-46EA-A6A7-E986964625D9}.Debug|x64.ActiveCfg = Debug|iPhone
		{128ECF28-2B1F-46EA-A6A7-E986964625D9}.Debug|x64.Build.0 = Debug|iPhone
		{128ECF28-2B1F-46EA-A6A7-E986964625D9}.Debug|x64.Deploy.0 = Debug|iPhone
		{128ECF28-2B1F-46EA-A6A7-E986964625D9}.Debug|x86.ActiveCfg = Debug|iPhone
		{128ECF28-2B1F-46EA-A6A7-E986964625D9}.Debug|x86.Build.0 = Debug|iPhone
		{128ECF28-2B1F-46EA-A6A7-E986964625D9}.Debug|x86.Deploy.0 = Debug|iPhone
		{128ECF28-2B1F-46EA-A6A7-E986964625D9}.Release|Any CPU.ActiveCfg = Release|iPhone
		{128ECF28-2B1F-46EA-A6A7-E986964625D9}.Release|Any CPU.Build.0 = Release|iPhone
		{128ECF28-2B1F-46EA-A6A7-E986964625D9}.Release|Any CPU.Deploy.0 = Release|iPhone
		{128ECF28-2B1F-46EA-A6A7-E986964625D9}.Release|ARM.ActiveCfg = Release|iPhone
		{128ECF28-2B1F-46EA-A6A7-E986964625D9}.Release|ARM.Build.0 = Release|iPhone
		{128ECF28-2B1F-46EA-A6A7-E986964625D9}.Release|ARM.Deploy.0 = Release|iPhone
		{128ECF28-2B1F-46EA-A6A7-E986964625D9}.Release|iPhone.ActiveCfg = Release|iPhone
		{128ECF28-2B1F-46EA-A6A7-E986964625D9}.Release|iPhone.Build.0 = Release|iPhone
		{128ECF28-2B1F-46EA-A6A7-E986964625D9}.Release|iPhone.Deploy.0 = Release|iPhone
		{128ECF28-2B1F-46EA-A6A7-E986964625D9}.Release|iPhoneSimulator.ActiveCfg = Release|iPhoneSimulator
		{128ECF28-2B1F-46EA-A6A7-E986964625D9}.Release|iPhoneSimulator.Build.0 = Release|iPhoneSimulator
		{128ECF28-2B1F-46EA-A6A7-E986964625D9}.Release|iPhoneSimulator.Deploy.0 = Release|iPhoneSimulator
		{128ECF28-2B1F-46EA-A6A7-E986964625D9}.Release|x64.ActiveCfg = Release|iPhone
		{128ECF28-2B1F-46EA-A6A7-E986964625D9}.Release|x64.Build.0 = Release|iPhone
		{128ECF28-2B1F-46EA-A6A7-E986964625D9}.Release|x64.Deploy.0 = Release|iPhone
		{128ECF28-2B1F-46EA-A6A7-E986964625D9}.Release|x86.ActiveCfg = Release|iPhone
		{128ECF28-2B1F-46EA-A6A7-E986964625D9}.Release|x86.Build.0 = Release|iPhone
		{128ECF28-2B1F-46EA-A6A7-E986964625D9}.Release|x86.Deploy.0 = Release|iPhone
		{BA52C59F-0C7A-4D13-B15D-26A4C0D2576F}.Ad-Hoc|Any CPU.ActiveCfg = Release|x86
		{BA52C59F-0C7A-4D13-B15D-26A4C0D2576F}.Ad-Hoc|Any CPU.Build.0 = Release|x86
		{BA52C59F-0C7A-4D13-B15D-26A4C0D2576F}.Ad-Hoc|Any CPU.Deploy.0 = Release|x86
		{BA52C59F-0C7A-4D13-B15D-26A4C0D2576F}.Ad-Hoc|ARM.ActiveCfg = Release|ARM
		{BA52C59F-0C7A-4D13-B15D-26A4C0D2576F}.Ad-Hoc|ARM.Build.0 = Release|ARM
		{BA52C59F-0C7A-4D13-B15D-26A4C0D2576F}.Ad-Hoc|ARM.Deploy.0 = Release|ARM
		{BA52C59F-0C7A-4D13-B15D-26A4C0D2576F}.Ad-Hoc|iPhone.ActiveCfg = Release|x86
		{BA52C59F-0C7A-4D13-B15D-26A4C0D2576F}.Ad-Hoc|iPhone.Build.0 = Release|x86
		{BA52C59F-0C7A-4D13-B15D-26A4C0D2576F}.Ad-Hoc|iPhone.Deploy.0 = Release|x86
		{BA52C59F-0C7A-4D13-B15D-26A4C0D2576F}.Ad-Hoc|iPhoneSimulator.ActiveCfg = Release|x86
		{BA52C59F-0C7A-4D13-B15D-26A4C0D2576F}.Ad-Hoc|iPhoneSimulator.Build.0 = Release|x86
		{BA52C59F-0C7A-4D13-B15D-26A4C0D2576F}.Ad-Hoc|iPhoneSimulator.Deploy.0 = Release|x86
		{BA52C59F-0C7A-4D13-B15D-26A4C0D2576F}.Ad-Hoc|x64.ActiveCfg = Release|x64
		{BA52C59F-0C7A-4D13-B15D-26A4C0D2576F}.Ad-Hoc|x64.Build.0 = Release|x64
		{BA52C59F-0C7A-4D13-B15D-26A4C0D2576F}.Ad-Hoc|x64.Deploy.0 = Release|x64
		{BA52C59F-0C7A-4D13-B15D-26A4C0D2576F}.Ad-Hoc|x86.ActiveCfg = Release|x86
		{BA52C59F-0C7A-4D13-B15D-26A4C0D2576F}.Ad-Hoc|x86.Build.0 = Release|x86
		{BA52C59F-0C7A-4D13-B15D-26A4C0D2576F}.Ad-Hoc|x86.Deploy.0 = Release|x86
		{BA52C59F-0C7A-4D13-B15D-26A4C0D2576F}.AppStore|Any CPU.ActiveCfg = Release|x86
		{BA52C59F-0C7A-4D13-B15D-26A4C0D2576F}.AppStore|Any CPU.Build.0 = Release|x86
		{BA52C59F-0C7A-4D13-B15D-26A4C0D2576F}.AppStore|Any CPU.Deploy.0 = Release|x86
		{BA52C59F-0C7A-4D13-B15D-26A4C0D2576F}.AppStore|ARM.ActiveCfg = Release|ARM
		{BA52C59F-0C7A-4D13-B15D-26A4C0D2576F}.AppStore|ARM.Build.0 = Release|ARM
		{BA52C59F-0C7A-4D13-B15D-26A4C0D2576F}.AppStore|ARM.Deploy.0 = Release|ARM
		{BA52C59F-0C7A-4D13-B15D-26A4C0D2576F}.AppStore|iPhone.ActiveCfg = Release|x86
		{BA52C59F-0C7A-4D13-B15D-26A4C0D2576F}.AppStore|iPhone.Build.0 = Release|x86
		{BA52C59F-0C7A-4D13-B15D-26A4C0D2576F}.AppStore|iPhone.Deploy.0 = Release|x86
		{BA52C59F-0C7A-4D13-B15D-26A4C0D2576F}.AppStore|iPhoneSimulator.ActiveCfg = Release|x86
		{BA52C59F-0C7A-4D13-B15D-26A4C0D2576F}.AppStore|iPhoneSimulator.Build.0 = Release|x86
		{BA52C59F-0C7A-4D13-B15D-26A4C0D2576F}.AppStore|iPhoneSimulator.Deploy.0 = Release|x86
		{BA52C59F-0C7A-4D13-B15D-26A4C0D2576F}.AppStore|x64.ActiveCfg = Release|x64
		{BA52C59F-0C7A-4D13-B15D-26A4C0D2576F}.AppStore|x64.Build.0 = Release|x64
		{BA52C59F-0C7A-4D13-B15D-26A4C0D2576F}.AppStore|x64.Deploy.0 = Release|x64
		{BA52C59F-0C7A-4D13-B15D-26A4C0D2576F}.AppStore|x86.ActiveCfg = Release|x86
		{BA52C59F-0C7A-4D13-B15D-26A4C0D2576F}.AppStore|x86.Build.0 = Release|x86
		{BA52C59F-0C7A-4D13-B15D-26A4C0D2576F}.AppStore|x86.Deploy.0 = Release|x86
		{BA52C59F-0C7A-4D13-B15D-26A4C0D2576F}.Debug|Any CPU.ActiveCfg = Debug|x86
		{BA52C59F-0C7A-4D13-B15D-26A4C0D2576F}.Debug|Any CPU.Build.0 = Debug|x86
		{BA52C59F-0C7A-4D13-B15D-26A4C0D2576F}.Debug|Any CPU.Deploy.0 = Debug|x86
		{BA52C59F-0C7A-4D13-B15D-26A4C0D2576F}.Debug|ARM.ActiveCfg = Debug|ARM
		{BA52C59F-0C7A-4D13-B15D-26A4C0D2576F}.Debug|ARM.Build.0 = Debug|ARM
		{BA52C59F-0C7A-4D13-B15D-26A4C0D2576F}.Debug|ARM.Deploy.0 = Debug|ARM
		{BA52C59F-0C7A-4D13-B15D-26A4C0D2576F}.Debug|iPhone.ActiveCfg = Debug|x86
		{BA52C59F-0C7A-4D13-B15D-26A4C0D2576F}.Debug|iPhone.Build.0 = Debug|x86
		{BA52C59F-0C7A-4D13-B15D-26A4C0D2576F}.Debug|iPhone.Deploy.0 = Debug|x86
		{BA52C59F-0C7A-4D13-B15D-26A4C0D2576F}.Debug|iPhoneSimulator.ActiveCfg = Debug|x86
		{BA52C59F-0C7A-4D13-B15D-26A4C0D2576F}.Debug|iPhoneSimulator.Build.0 = Debug|x86
		{BA52C59F-0C7A-4D13-B15D-26A4C0D2576F}.Debug|iPhoneSimulator.Deploy.0 = Debug|x86
		{BA52C59F-0C7A-4D13-B15D-26A4C0D2576F}.Debug|x64.ActiveCfg = Debug|x64
		{BA52C59F-0C7A-4D13-B15D-26A4C0D2576F}.Debug|x64.Build.0 = Debug|x64
		{BA52C59F-0C7A-4D13-B15D-26A4C0D2576F}.Debug|x64.Deploy.0 = Debug|x64
		{BA52C59F-0C7A-4D13-B15D-26A4C0D2576F}.Debug|x86.ActiveCfg = Debug|x86
		{BA52C59F-0C7A-4D13-B15D-26A4C0D2576F}.Debug|x86.Build.0 = Debug|x86
		{BA52C59F-0C7A-4D13-B15D-26A4C0D2576F}.Debug|x86.Deploy.0 = Debug|x86
		{BA52C59F-0C7A-4D13-B15D-26A4C0D2576F}.Release|Any CPU.ActiveCfg = Release|x86
		{BA52C59F-0C7A-4D13-B15D-26A4C0D2576F}.Release|Any CPU.Build.0 = Release|x86
		{BA52C59F-0C7A-4D13-B15D-26A4C0D2576F}.Release|Any CPU.Deploy.0 = Release|x86
		{BA52C59F-0C7A-4D13-B15D-26A4C0D2576F}.Release|ARM.ActiveCfg = Release|ARM
		{BA52C59F-0C7A-4D13-B15D-26A4C0D2576F}.Release|ARM.Build.0 = Release|ARM
		{BA52C59F-0C7A-4D13-B15D-26A4C0D2576F}.Release|ARM.Deploy.0 = Release|ARM
		{BA52C59F-0C7A-4D13-B15D-26A4C0D2576F}.Release|iPhone.ActiveCfg = Release|x86
		{BA52C59F-0C7A-4D13-B15D-26A4C0D2576F}.Release|iPhone.Build.0 = Release|x86
		{BA52C59F-0C7A-4D13-B15D-26A4C0D2576F}.Release|iPhone.Deploy.0 = Release|x86
		{BA52C59F-0C7A-4D13-B15D-26A4C0D2576F}.Release|iPhoneSimulator.ActiveCfg = Release|x86
		{BA52C59F-0C7A-4D13-B15D-26A4C0D2576F}.Release|iPhoneSimulator.Build.0 = Release|x86
		{BA52C59F-0C7A-4D13-B15D-26A4C0D2576F}.Release|iPhoneSimulator.Deploy.0 = Release|x86
		{BA52C59F-0C7A-4D13-B15D-26A4C0D2576F}.Release|x64.ActiveCfg = Release|x64
		{BA52C59F-0C7A-4D13-B15D-26A4C0D2576F}.Release|x64.Build.0 = Release|x64
		{BA52C59F-0C7A-4D13-B15D-26A4C0D2576F}.Release|x64.Deploy.0 = Release|x64
		{BA52C59F-0C7A-4D13-B15D-26A4C0D2576F}.Release|x86.ActiveCfg = Release|x86
		{BA52C59F-0C7A-4D13-B15D-26A4C0D2576F}.Release|x86.Build.0 = Release|x86
		{BA52C59F-0C7A-4D13-B15D-26A4C0D2576F}.Release|x86.Deploy.0 = Release|x86
		{D08D195A-F572-4EB9-8E9C-F91825535451}.Ad-Hoc|Any CPU.ActiveCfg = Debug|Any CPU
		{D08D195A-F572-4EB9-8E9C-F91825535451}.Ad-Hoc|Any CPU.Build.0 = Debug|Any CPU
		{D08D195A-F572-4EB9-8E9C-F91825535451}.Ad-Hoc|Any CPU.Deploy.0 = Debug|Any CPU
		{D08D195A-F572-4EB9-8E9C-F91825535451}.Ad-Hoc|ARM.ActiveCfg = Debug|Any CPU
		{D08D195A-F572-4EB9-8E9C-F91825535451}.Ad-Hoc|ARM.Build.0 = Debug|Any CPU
		{D08D195A-F572-4EB9-8E9C-F91825535451}.Ad-Hoc|ARM.Deploy.0 = Debug|Any CPU
		{D08D195A-F572-4EB9-8E9C-F91825535451}.Ad-Hoc|iPhone.ActiveCfg = Debug|Any CPU
		{D08D195A-F572-4EB9-8E9C-F91825535451}.Ad-Hoc|iPhone.Build.0 = Debug|Any CPU
		{D08D195A-F572-4EB9-8E9C-F91825535451}.Ad-Hoc|iPhone.Deploy.0 = Debug|Any CPU
		{D08D195A-F572-4EB9-8E9C-F91825535451}.Ad-Hoc|iPhoneSimulator.ActiveCfg = Debug|Any CPU
		{D08D195A-F572-4EB9-8E9C-F91825535451}.Ad-Hoc|iPhoneSimulator.Build.0 = Debug|Any CPU
		{D08D195A-F572-4EB9-8E9C-F91825535451}.Ad-Hoc|iPhoneSimulator.Deploy.0 = Debug|Any CPU
		{D08D195A-F572-4EB9-8E9C-F91825535451}.Ad-Hoc|x64.ActiveCfg = Debug|Any CPU
		{D08D195A-F572-4EB9-8E9C-F91825535451}.Ad-Hoc|x64.Build.0 = Debug|Any CPU
		{D08D195A-F572-4EB9-8E9C-F91825535451}.Ad-Hoc|x64.Deploy.0 = Debug|Any CPU
		{D08D195A-F572-4EB9-8E9C-F91825535451}.Ad-Hoc|x86.ActiveCfg = Debug|Any CPU
		{D08D195A-F572-4EB9-8E9C-F91825535451}.Ad-Hoc|x86.Build.0 = Debug|Any CPU
		{D08D195A-F572-4EB9-8E9C-F91825535451}.Ad-Hoc|x86.Deploy.0 = Debug|Any CPU
		{D08D195A-F572-4EB9-8E9C-F91825535451}.AppStore|Any CPU.ActiveCfg = Debug|Any CPU
		{D08D195A-F572-4EB9-8E9C-F91825535451}.AppStore|Any CPU.Build.0 = Debug|Any CPU
		{D08D195A-F572-4EB9-8E9C-F91825535451}.AppStore|Any CPU.Deploy.0 = Debug|Any CPU
		{D08D195A-F572-4EB9-8E9C-F91825535451}.AppStore|ARM.ActiveCfg = Debug|Any CPU
		{D08D195A-F572-4EB9-8E9C-F91825535451}.AppStore|ARM.Build.0 = Debug|Any CPU
		{D08D195A-F572-4EB9-8E9C-F91825535451}.AppStore|ARM.Deploy.0 = Debug|Any CPU
		{D08D195A-F572-4EB9-8E9C-F91825535451}.AppStore|iPhone.ActiveCfg = Debug|Any CPU
		{D08D195A-F572-4EB9-8E9C-F91825535451}.AppStore|iPhone.Build.0 = Debug|Any CPU
		{D08D195A-F572-4EB9-8E9C-F91825535451}.AppStore|iPhone.Deploy.0 = Debug|Any CPU
		{D08D195A-F572-4EB9-8E9C-F91825535451}.AppStore|iPhoneSimulator.ActiveCfg = Debug|Any CPU
		{D08D195A-F572-4EB9-8E9C-F91825535451}.AppStore|iPhoneSimulator.Build.0 = Debug|Any CPU
		{D08D195A-F572-4EB9-8E9C-F91825535451}.AppStore|iPhoneSimulator.Deploy.0 = Debug|Any CPU
		{D08D195A-F572-4EB9-8E9C-F91825535451}.AppStore|x64.ActiveCfg = Debug|Any CPU
		{D08D195A-F572-4EB9-8E9C-F91825535451}.AppStore|x64.Build.0 = Debug|Any CPU
		{D08D195A-F572-4EB9-8E9C-F91825535451}.AppStore|x64.Deploy.0 = Debug|Any CPU
		{D08D195A-F572-4EB9-8E9C-F91825535451}.AppStore|x86.ActiveCfg = Debug|Any CPU
		{D08D195A-F572-4EB9-8E9C-F91825535451}.AppStore|x86.Build.0 = Debug|Any CPU
		{D08D195A-F572-4EB9-8E9C-F91825535451}.AppStore|x86.Deploy.0 = Debug|Any CPU
		{D08D195A-F572-4EB9-8E9C-F91825535451}.Debug|Any CPU.ActiveCfg = Debug|Any CPU
		{D08D195A-F572-4EB9-8E9C-F91825535451}.Debug|Any CPU.Build.0 = Debug|Any CPU
		{D08D195A-F572-4EB9-8E9C-F91825535451}.Debug|Any CPU.Deploy.0 = Debug|Any CPU
		{D08D195A-F572-4EB9-8E9C-F91825535451}.Debug|ARM.ActiveCfg = Debug|Any CPU
		{D08D195A-F572-4EB9-8E9C-F91825535451}.Debug|ARM.Build.0 = Debug|Any CPU
		{D08D195A-F572-4EB9-8E9C-F91825535451}.Debug|ARM.Deploy.0 = Debug|Any CPU
		{D08D195A-F572-4EB9-8E9C-F91825535451}.Debug|iPhone.ActiveCfg = Debug|Any CPU
		{D08D195A-F572-4EB9-8E9C-F91825535451}.Debug|iPhone.Build.0 = Debug|Any CPU
		{D08D195A-F572-4EB9-8E9C-F91825535451}.Debug|iPhone.Deploy.0 = Debug|Any CPU
		{D08D195A-F572-4EB9-8E9C-F91825535451}.Debug|iPhoneSimulator.ActiveCfg = Debug|Any CPU
		{D08D195A-F572-4EB9-8E9C-F91825535451}.Debug|iPhoneSimulator.Build.0 = Debug|Any CPU
		{D08D195A-F572-4EB9-8E9C-F91825535451}.Debug|iPhoneSimulator.Deploy.0 = Debug|Any CPU
		{D08D195A-F572-4EB9-8E9C-F91825535451}.Debug|x64.ActiveCfg = Debug|Any CPU
		{D08D195A-F572-4EB9-8E9C-F91825535451}.Debug|x64.Build.0 = Debug|Any CPU
		{D08D195A-F572-4EB9-8E9C-F91825535451}.Debug|x64.Deploy.0 = Debug|Any CPU
		{D08D195A-F572-4EB9-8E9C-F91825535451}.Debug|x86.ActiveCfg = Debug|Any CPU
		{D08D195A-F572-4EB9-8E9C-F91825535451}.Debug|x86.Build.0 = Debug|Any CPU
		{D08D195A-F572-4EB9-8E9C-F91825535451}.Debug|x86.Deploy.0 = Debug|Any CPU
		{D08D195A-F572-4EB9-8E9C-F91825535451}.Release|Any CPU.ActiveCfg = Release|Any CPU
		{D08D195A-F572-4EB9-8E9C-F91825535451}.Release|Any CPU.Build.0 = Release|Any CPU
		{D08D195A-F572-4EB9-8E9C-F91825535451}.Release|Any CPU.Deploy.0 = Release|Any CPU
		{D08D195A-F572-4EB9-8E9C-F91825535451}.Release|ARM.ActiveCfg = Release|Any CPU
		{D08D195A-F572-4EB9-8E9C-F91825535451}.Release|ARM.Build.0 = Release|Any CPU
		{D08D195A-F572-4EB9-8E9C-F91825535451}.Release|ARM.Deploy.0 = Release|Any CPU
		{D08D195A-F572-4EB9-8E9C-F91825535451}.Release|iPhone.ActiveCfg = Release|Any CPU
		{D08D195A-F572-4EB9-8E9C-F91825535451}.Release|iPhone.Build.0 = Release|Any CPU
		{D08D195A-F572-4EB9-8E9C-F91825535451}.Release|iPhone.Deploy.0 = Release|Any CPU
		{D08D195A-F572-4EB9-8E9C-F91825535451}.Release|iPhoneSimulator.ActiveCfg = Release|Any CPU
		{D08D195A-F572-4EB9-8E9C-F91825535451}.Release|iPhoneSimulator.Build.0 = Release|Any CPU
		{D08D195A-F572-4EB9-8E9C-F91825535451}.Release|iPhoneSimulator.Deploy.0 = Release|Any CPU
		{D08D195A-F572-4EB9-8E9C-F91825535451}.Release|x64.ActiveCfg = Release|Any CPU
		{D08D195A-F572-4EB9-8E9C-F91825535451}.Release|x64.Build.0 = Release|Any CPU
		{D08D195A-F572-4EB9-8E9C-F91825535451}.Release|x64.Deploy.0 = Release|Any CPU
		{D08D195A-F572-4EB9-8E9C-F91825535451}.Release|x86.ActiveCfg = Release|Any CPU
		{D08D195A-F572-4EB9-8E9C-F91825535451}.Release|x86.Build.0 = Release|Any CPU
		{D08D195A-F572-4EB9-8E9C-F91825535451}.Release|x86.Deploy.0 = Release|Any CPU
	EndGlobalSection
	GlobalSection(SolutionProperties) = preSolution
		HideSolutionNode = FALSE
	EndGlobalSection
	GlobalSection(ExtensibilityGlobals) = postSolution
		SolutionGuid = {7F26FFE0-3DC0-495C-B67E-558D56059BC5}
	EndGlobalSection
EndGlobal
